
Microsoft Visual Studio Solution File, Format Version 12.00
# Visual Studio Version 17
VisualStudioVersion = 17.1.32328.378
MinimumVisualStudioVersion = 10.0.40219.1
Project("{FAE04EC0-301F-11D3-BF4B-00C04F79EFBC}") = "P1_Genpact", "P1_Genpact\P1_Genpact.csproj", "{490D2FF3-13D0-453C-A85B-BDE9EBB16A21}"
EndProject
Global
	GlobalSection(SolutionConfigurationPlatforms) = preSolution
		Debug|Any CPU = Debug|Any CPU
		Release|Any CPU = Release|Any CPU
	EndGlobalSection
	GlobalSection(ProjectConfigurationPlatforms) = postSolution
		{490D2FF3-13D0-453C-A85B-BDE9EBB16A21}.Debug|Any CPU.ActiveCfg = Debug|Any CPU
		{490D2FF3-13D0-453C-A85B-BDE9EBB16A21}.Debug|Any CPU.Build.0 = Debug|Any CPU
		{490D2FF3-13D0-453C-A85B-BDE9EBB16A21}.Release|Any CPU.ActiveCfg = Release|Any CPU
		{490D2FF3-13D0-453C-A85B-BDE9EBB16A21}.Release|Any CPU.Build.0 = Release|Any CPU
	EndGlobalSection
	GlobalSection(SolutionProperties) = preSolution
		HideSolutionNode = FALSE
	EndGlobalSection
	GlobalSection(ExtensibilityGlobals) = postSolution
		SolutionGuid = {F1B1DACD-1044-489D-BA8F-CA411EFFF3A6}
	EndGlobalSection
EndGlobal
